
Microsoft Visual Studio Solution File, Format Version 12.00
# Visual Studio 15
VisualStudioVersion = 15.0.26730.16
MinimumVisualStudioVersion = 10.0.40219.1
Project("{FAE04EC0-301F-11D3-BF4B-00C04F79EFBC}") = "Part1_20", "Part1_20\Part1_20.csproj", "{B6301626-4867-4827-8480-66256F34222D}"
EndProject
Global
	GlobalSection(SolutionConfigurationPlatforms) = preSolution
		Debug|Any CPU = Debug|Any CPU
		Release|Any CPU = Release|Any CPU
	EndGlobalSection
	GlobalSection(ProjectConfigurationPlatforms) = postSolution
		{B6301626-4867-4827-8480-66256F34222D}.Debug|Any CPU.ActiveCfg = Debug|Any CPU
		{B6301626-4867-4827-8480-66256F34222D}.Debug|Any CPU.Build.0 = Debug|Any CPU
		{B6301626-4867-4827-8480-66256F34222D}.Release|Any CPU.ActiveCfg = Release|Any CPU
		{B6301626-4867-4827-8480-66256F34222D}.Release|Any CPU.Build.0 = Release|Any CPU
	EndGlobalSection
	GlobalSection(SolutionProperties) = preSolution
		HideSolutionNode = FALSE
	EndGlobalSection
	GlobalSection(ExtensibilityGlobals) = postSolution
		SolutionGuid = {B6031BD3-4E20-41E7-94B5-D63BE175A34F}
	EndGlobalSection
EndGlobal
